
Microsoft Visual Studio Solution File, Format Version 12.00
# Visual Studio 15
VisualStudioVersion = 15.0.34031.82
MinimumVisualStudioVersion = 10.0.40219.1
Project("{8BC9CEB8-8B4A-11D0-8D11-00A0C91BC942}") = "sum_values", "sum_values\sum_values.vcxproj", "{F212ED1A-B27E-4EA5-A1DB-D5EF2BB939BE}"
EndProject
Global
	GlobalSection(SolutionConfigurationPlatforms) = preSolution
		Debug|x64 = Debug|x64
		Debug|x86 = Debug|x86
		Release|x64 = Release|x64
		Release|x86 = Release|x86
	EndGlobalSection
	GlobalSection(ProjectConfigurationPlatforms) = postSolution
		{F212ED1A-B27E-4EA5-A1DB-D5EF2BB939BE}.Debug|x64.ActiveCfg = Debug|x64
		{F212ED1A-B27E-4EA5-A1DB-D5EF2BB939BE}.Debug|x64.Build.0 = Debug|x64
		{F212ED1A-B27E-4EA5-A1DB-D5EF2BB939BE}.Debug|x86.ActiveCfg = Debug|Win32
		{F212ED1A-B27E-4EA5-A1DB-D5EF2BB939BE}.Debug|x86.Build.0 = Debug|Win32
		{F212ED1A-B27E-4EA5-A1DB-D5EF2BB939BE}.Release|x64.ActiveCfg = Release|x64
		{F212ED1A-B27E-4EA5-A1DB-D5EF2BB939BE}.Release|x64.Build.0 = Release|x64
		{F212ED1A-B27E-4EA5-A1DB-D5EF2BB939BE}.Release|x86.ActiveCfg = Release|Win32
		{F212ED1A-B27E-4EA5-A1DB-D5EF2BB939BE}.Release|x86.Build.0 = Release|Win32
	EndGlobalSection
	GlobalSection(SolutionProperties) = preSolution
		HideSolutionNode = FALSE
	EndGlobalSection
	GlobalSection(ExtensibilityGlobals) = postSolution
		SolutionGuid = {385076D1-7063-4D26-B9BE-F31A2DE7DF98}
	EndGlobalSection
EndGlobal
