
Microsoft Visual Studio Solution File, Format Version 12.00
# Visual Studio 15
VisualStudioVersion = 15.0.34031.82
MinimumVisualStudioVersion = 10.0.40219.1
Project("{8BC9CEB8-8B4A-11D0-8D11-00A0C91BC942}") = "Cow", "Cow.vcxproj", "{6B514FB3-4668-4B7C-B4B4-136B3AA461EC}"
EndProject
Global
	GlobalSection(SolutionConfigurationPlatforms) = preSolution
		Debug|x64 = Debug|x64
		Debug|x86 = Debug|x86
		Release|x64 = Release|x64
		Release|x86 = Release|x86
	EndGlobalSection
	GlobalSection(ProjectConfigurationPlatforms) = postSolution
		{6B514FB3-4668-4B7C-B4B4-136B3AA461EC}.Debug|x64.ActiveCfg = Debug|x64
		{6B514FB3-4668-4B7C-B4B4-136B3AA461EC}.Debug|x64.Build.0 = Debug|x64
		{6B514FB3-4668-4B7C-B4B4-136B3AA461EC}.Debug|x86.ActiveCfg = Debug|Win32
		{6B514FB3-4668-4B7C-B4B4-136B3AA461EC}.Debug|x86.Build.0 = Debug|Win32
		{6B514FB3-4668-4B7C-B4B4-136B3AA461EC}.Release|x64.ActiveCfg = Release|x64
		{6B514FB3-4668-4B7C-B4B4-136B3AA461EC}.Release|x64.Build.0 = Release|x64
		{6B514FB3-4668-4B7C-B4B4-136B3AA461EC}.Release|x86.ActiveCfg = Release|Win32
		{6B514FB3-4668-4B7C-B4B4-136B3AA461EC}.Release|x86.Build.0 = Release|Win32
	EndGlobalSection
	GlobalSection(SolutionProperties) = preSolution
		HideSolutionNode = FALSE
	EndGlobalSection
	GlobalSection(ExtensibilityGlobals) = postSolution
		SolutionGuid = {89F61BFC-FDF2-426B-A818-4ADA9C26D02A}
	EndGlobalSection
EndGlobal
